// !$*UTF8*$!
{
	archiveVersion = 1;
	classes = {
	};
	objectVersion = 56;
	objects = {

/* Begin PBXBuildFile section */
		FA3E98742B58769100BA8B02 /* UserProfileModel.swift in Sources */ = {isa = PBXBuildFile; fileRef = FA3E98732B58769100BA8B02 /* UserProfileModel.swift */; };
		FA3E98762B58839200BA8B02 /* OfferScreen.swift in Sources */ = {isa = PBXBuildFile; fileRef = FA3E98752B58839200BA8B02 /* OfferScreen.swift */; };
		FA4796542B3CB92B00098B9F /* HomeScreen.swift in Sources */ = {isa = PBXBuildFile; fileRef = FA4796532B3CB92B00098B9F /* HomeScreen.swift */; };
		FA4796562B3CC03700098B9F /* AsyncImageView.swift in Sources */ = {isa = PBXBuildFile; fileRef = FA4796552B3CC03700098B9F /* AsyncImageView.swift */; };
		FA4796582B409ED600098B9F /* AllPropertiesListScreen.swift in Sources */ = {isa = PBXBuildFile; fileRef = FA4796572B409ED600098B9F /* AllPropertiesListScreen.swift */; };
		FA47965A2B40A0FE00098B9F /* AddNewPropertyScreen.swift in Sources */ = {isa = PBXBuildFile; fileRef = FA4796592B40A0FE00098B9F /* AddNewPropertyScreen.swift */; };
		FA47965C2B40B01D00098B9F /* ImagePicker.swift in Sources */ = {isa = PBXBuildFile; fileRef = FA47965B2B40B01D00098B9F /* ImagePicker.swift */; };
		FA47965E2B40B1E000098B9F /* ProfileScreen.swift in Sources */ = {isa = PBXBuildFile; fileRef = FA47965D2B40B1E000098B9F /* ProfileScreen.swift */; };
		FA4796602B40B6F700098B9F /* PropertyDetailScreen.swift in Sources */ = {isa = PBXBuildFile; fileRef = FA47965F2B40B6F700098B9F /* PropertyDetailScreen.swift */; };
		FA4796622B432C3D00098B9F /* FirestoreManager.swift in Sources */ = {isa = PBXBuildFile; fileRef = FA4796612B432C3D00098B9F /* FirestoreManager.swift */; };
		FA4796652B432CE200098B9F /* NewPropertyModel.swift in Sources */ = {isa = PBXBuildFile; fileRef = FA4796642B432CE200098B9F /* NewPropertyModel.swift */; };
		FA4796672B432D6A00098B9F /* FirebaseStorage in Frameworks */ = {isa = PBXBuildFile; productRef = FA4796662B432D6A00098B9F /* FirebaseStorage */; };
		FA8C29C12B4D63CE00428FEF /* LocationsOnMapScreen.swift in Sources */ = {isa = PBXBuildFile; fileRef = FA8C29C02B4D63CE00428FEF /* LocationsOnMapScreen.swift */; };
		FA8C29C32B4D722000428FEF /* CollectionsScreen.swift in Sources */ = {isa = PBXBuildFile; fileRef = FA8C29C22B4D722000428FEF /* CollectionsScreen.swift */; };
		FAB6B77C2B371B2E0012495B /* RealtyProApp.swift in Sources */ = {isa = PBXBuildFile; fileRef = FAB6B77B2B371B2E0012495B /* RealtyProApp.swift */; };
		FAB6B7802B371B2F0012495B /* Assets.xcassets in Resources */ = {isa = PBXBuildFile; fileRef = FAB6B77F2B371B2F0012495B /* Assets.xcassets */; };
		FAB6B7832B371B2F0012495B /* Preview Assets.xcassets in Resources */ = {isa = PBXBuildFile; fileRef = FAB6B7822B371B2F0012495B /* Preview Assets.xcassets */; };
		FAB6B78A2B373DBB0012495B /* SplashScreen.swift in Sources */ = {isa = PBXBuildFile; fileRef = FAB6B7892B373DBB0012495B /* SplashScreen.swift */; };
		FAB6B78C2B373DF80012495B /* LoginScreen.swift in Sources */ = {isa = PBXBuildFile; fileRef = FAB6B78B2B373DF80012495B /* LoginScreen.swift */; };
		FAB6B78F2B3887A90012495B /* FirebaseAnalytics in Frameworks */ = {isa = PBXBuildFile; productRef = FAB6B78E2B3887A90012495B /* FirebaseAnalytics */; };
		FAB6B7912B3887A90012495B /* FirebaseAnalyticsOnDeviceConversion in Frameworks */ = {isa = PBXBuildFile; productRef = FAB6B7902B3887A90012495B /* FirebaseAnalyticsOnDeviceConversion */; };
		FAB6B7932B3887A90012495B /* FirebaseAnalyticsSwift in Frameworks */ = {isa = PBXBuildFile; productRef = FAB6B7922B3887A90012495B /* FirebaseAnalyticsSwift */; };
		FAB6B7952B3887A90012495B /* FirebaseAnalyticsWithoutAdIdSupport in Frameworks */ = {isa = PBXBuildFile; productRef = FAB6B7942B3887A90012495B /* FirebaseAnalyticsWithoutAdIdSupport */; };
		FAB6B7972B3887A90012495B /* FirebaseAppCheck in Frameworks */ = {isa = PBXBuildFile; productRef = FAB6B7962B3887A90012495B /* FirebaseAppCheck */; };
		FAB6B79A2B3887DE0012495B /* GoogleService-Info.plist in Resources */ = {isa = PBXBuildFile; fileRef = FAB6B7992B3887DE0012495B /* GoogleService-Info.plist */; };
		FAB6B79D2B388A840012495B /* FirebaseAuth in Frameworks */ = {isa = PBXBuildFile; productRef = FAB6B79C2B388A840012495B /* FirebaseAuth */; };
		FAB6B79F2B388A950012495B /* FirebaseFirestore in Frameworks */ = {isa = PBXBuildFile; productRef = FAB6B79E2B388A950012495B /* FirebaseFirestore */; };
		FAB6B7A12B388A950012495B /* FirebaseFirestoreSwift in Frameworks */ = {isa = PBXBuildFile; productRef = FAB6B7A02B388A950012495B /* FirebaseFirestoreSwift */; };
		FAB6B7A32B388D390012495B /* AuthenticationManager.swift in Sources */ = {isa = PBXBuildFile; fileRef = FAB6B7A22B388D390012495B /* AuthenticationManager.swift */; };
		FAB6B7A52B3890410012495B /* AuthenticationViewModel.swift in Sources */ = {isa = PBXBuildFile; fileRef = FAB6B7A42B3890410012495B /* AuthenticationViewModel.swift */; };
		FAB6B7A72B38A13D0012495B /* SignupScreen.swift in Sources */ = {isa = PBXBuildFile; fileRef = FAB6B7A62B38A13D0012495B /* SignupScreen.swift */; };
		FAB6B7AA2B38A69E0012495B /* IQKeyboardManagerSwift in Frameworks */ = {isa = PBXBuildFile; productRef = FAB6B7A92B38A69E0012495B /* IQKeyboardManagerSwift */; };
		FAB6B7AC2B38A8710012495B /* String+Extensions.swift in Sources */ = {isa = PBXBuildFile; fileRef = FAB6B7AB2B38A8710012495B /* String+Extensions.swift */; };
		FAB6B7AE2B38AF7A0012495B /* AppTabbar.swift in Sources */ = {isa = PBXBuildFile; fileRef = FAB6B7AD2B38AF7A0012495B /* AppTabbar.swift */; };
		FABB49BA2B4B143400230FD6 /* UserDefaults.swift in Sources */ = {isa = PBXBuildFile; fileRef = FABB49B92B4B143400230FD6 /* UserDefaults.swift */; };
		FABB49BC2B4B159A00230FD6 /* ProfileInformationScreen.swift in Sources */ = {isa = PBXBuildFile; fileRef = FABB49BB2B4B159A00230FD6 /* ProfileInformationScreen.swift */; };
		FABB49BF2B4B1E1100230FD6 /* SDWebImageSwiftUI in Frameworks */ = {isa = PBXBuildFile; productRef = FABB49BE2B4B1E1100230FD6 /* SDWebImageSwiftUI */; };
		FAFFADA72B4C7C52007ADBE9 /* LocalSearchService.swift in Sources */ = {isa = PBXBuildFile; fileRef = FAFFADA62B4C7C52007ADBE9 /* LocalSearchService.swift */; };
		FAFFADA92B4C7C96007ADBE9 /* ContentViewModel.swift in Sources */ = {isa = PBXBuildFile; fileRef = FAFFADA82B4C7C96007ADBE9 /* ContentViewModel.swift */; };
		FAFFADAB2B4C7CF3007ADBE9 /* LocalSearchViewData.swift in Sources */ = {isa = PBXBuildFile; fileRef = FAFFADAA2B4C7CF3007ADBE9 /* LocalSearchViewData.swift */; };
		FAFFADAD2B4C7FF6007ADBE9 /* SearchLocationsScreen.swift in Sources */ = {isa = PBXBuildFile; fileRef = FAFFADAC2B4C7FF6007ADBE9 /* SearchLocationsScreen.swift */; };
		FAFFADAF2B4D205A007ADBE9 /* MyPropertiesScreen.swift in Sources */ = {isa = PBXBuildFile; fileRef = FAFFADAE2B4D205A007ADBE9 /* MyPropertiesScreen.swift */; };
/* End PBXBuildFile section */

/* Begin PBXFileReference section */
		FA3E98732B58769100BA8B02 /* UserProfileModel.swift */ = {isa = PBXFileReference; lastKnownFileType = sourcecode.swift; path = UserProfileModel.swift; sourceTree = "<group>"; };
		FA3E98752B58839200BA8B02 /* OfferScreen.swift */ = {isa = PBXFileReference; lastKnownFileType = sourcecode.swift; path = OfferScreen.swift; sourceTree = "<group>"; };
		FA4796532B3CB92B00098B9F /* HomeScreen.swift */ = {isa = PBXFileReference; lastKnownFileType = sourcecode.swift; path = HomeScreen.swift; sourceTree = "<group>"; };
		FA4796552B3CC03700098B9F /* AsyncImageView.swift */ = {isa = PBXFileReference; lastKnownFileType = sourcecode.swift; path = AsyncImageView.swift; sourceTree = "<group>"; };
		FA4796572B409ED600098B9F /* AllPropertiesListScreen.swift */ = {isa = PBXFileReference; lastKnownFileType = sourcecode.swift; path = AllPropertiesListScreen.swift; sourceTree = "<group>"; };
		FA4796592B40A0FE00098B9F /* AddNewPropertyScreen.swift */ = {isa = PBXFileReference; lastKnownFileType = sourcecode.swift; path = AddNewPropertyScreen.swift; sourceTree = "<group>"; };
		FA47965B2B40B01D00098B9F /* ImagePicker.swift */ = {isa = PBXFileReference; lastKnownFileType = sourcecode.swift; path = ImagePicker.swift; sourceTree = "<group>"; };
		FA47965D2B40B1E000098B9F /* ProfileScreen.swift */ = {isa = PBXFileReference; lastKnownFileType = sourcecode.swift; path = ProfileScreen.swift; sourceTree = "<group>"; };
		FA47965F2B40B6F700098B9F /* PropertyDetailScreen.swift */ = {isa = PBXFileReference; lastKnownFileType = sourcecode.swift; path = PropertyDetailScreen.swift; sourceTree = "<group>"; };
		FA4796612B432C3D00098B9F /* FirestoreManager.swift */ = {isa = PBXFileReference; lastKnownFileType = sourcecode.swift; path = FirestoreManager.swift; sourceTree = "<group>"; };
		FA4796642B432CE200098B9F /* NewPropertyModel.swift */ = {isa = PBXFileReference; lastKnownFileType = sourcecode.swift; path = NewPropertyModel.swift; sourceTree = "<group>"; };
		FA8C29C02B4D63CE00428FEF /* LocationsOnMapScreen.swift */ = {isa = PBXFileReference; lastKnownFileType = sourcecode.swift; path = LocationsOnMapScreen.swift; sourceTree = "<group>"; };
		FA8C29C22B4D722000428FEF /* CollectionsScreen.swift */ = {isa = PBXFileReference; lastKnownFileType = sourcecode.swift; path = CollectionsScreen.swift; sourceTree = "<group>"; };
		FAB6B7782B371B2E0012495B /* RealtyPro.app */ = {isa = PBXFileReference; explicitFileType = wrapper.application; includeInIndex = 0; path = RealtyPro.app; sourceTree = BUILT_PRODUCTS_DIR; };
		FAB6B77B2B371B2E0012495B /* RealtyProApp.swift */ = {isa = PBXFileReference; lastKnownFileType = sourcecode.swift; path = RealtyProApp.swift; sourceTree = "<group>"; };
		FAB6B77F2B371B2F0012495B /* Assets.xcassets */ = {isa = PBXFileReference; lastKnownFileType = folder.assetcatalog; path = Assets.xcassets; sourceTree = "<group>"; };
		FAB6B7822B371B2F0012495B /* Preview Assets.xcassets */ = {isa = PBXFileReference; lastKnownFileType = folder.assetcatalog; path = "Preview Assets.xcassets"; sourceTree = "<group>"; };
		FAB6B7892B373DBB0012495B /* SplashScreen.swift */ = {isa = PBXFileReference; lastKnownFileType = sourcecode.swift; path = SplashScreen.swift; sourceTree = "<group>"; };
		FAB6B78B2B373DF80012495B /* LoginScreen.swift */ = {isa = PBXFileReference; lastKnownFileType = sourcecode.swift; path = LoginScreen.swift; sourceTree = "<group>"; };
		FAB6B7992B3887DE0012495B /* GoogleService-Info.plist */ = {isa = PBXFileReference; fileEncoding = 4; lastKnownFileType = text.plist.xml; path = "GoogleService-Info.plist"; sourceTree = "<group>"; };
		FAB6B7A22B388D390012495B /* AuthenticationManager.swift */ = {isa = PBXFileReference; lastKnownFileType = sourcecode.swift; path = AuthenticationManager.swift; sourceTree = "<group>"; };
		FAB6B7A42B3890410012495B /* AuthenticationViewModel.swift */ = {isa = PBXFileReference; lastKnownFileType = sourcecode.swift; path = AuthenticationViewModel.swift; sourceTree = "<group>"; };
		FAB6B7A62B38A13D0012495B /* SignupScreen.swift */ = {isa = PBXFileReference; lastKnownFileType = sourcecode.swift; path = SignupScreen.swift; sourceTree = "<group>"; };
		FAB6B7AB2B38A8710012495B /* String+Extensions.swift */ = {isa = PBXFileReference; lastKnownFileType = sourcecode.swift; path = "String+Extensions.swift"; sourceTree = "<group>"; };
		FAB6B7AD2B38AF7A0012495B /* AppTabbar.swift */ = {isa = PBXFileReference; lastKnownFileType = sourcecode.swift; path = AppTabbar.swift; sourceTree = "<group>"; };
		FABB49B92B4B143400230FD6 /* UserDefaults.swift */ = {isa = PBXFileReference; lastKnownFileType = sourcecode.swift; path = UserDefaults.swift; sourceTree = "<group>"; };
		FABB49BB2B4B159A00230FD6 /* ProfileInformationScreen.swift */ = {isa = PBXFileReference; lastKnownFileType = sourcecode.swift; path = ProfileInformationScreen.swift; sourceTree = "<group>"; };
		FAFFADA62B4C7C52007ADBE9 /* LocalSearchService.swift */ = {isa = PBXFileReference; lastKnownFileType = sourcecode.swift; path = LocalSearchService.swift; sourceTree = "<group>"; };
		FAFFADA82B4C7C96007ADBE9 /* ContentViewModel.swift */ = {isa = PBXFileReference; lastKnownFileType = sourcecode.swift; path = ContentViewModel.swift; sourceTree = "<group>"; };
		FAFFADAA2B4C7CF3007ADBE9 /* LocalSearchViewData.swift */ = {isa = PBXFileReference; lastKnownFileType = sourcecode.swift; path = LocalSearchViewData.swift; sourceTree = "<group>"; };
		FAFFADAC2B4C7FF6007ADBE9 /* SearchLocationsScreen.swift */ = {isa = PBXFileReference; lastKnownFileType = sourcecode.swift; path = SearchLocationsScreen.swift; sourceTree = "<group>"; };
		FAFFADAE2B4D205A007ADBE9 /* MyPropertiesScreen.swift */ = {isa = PBXFileReference; lastKnownFileType = sourcecode.swift; path = MyPropertiesScreen.swift; sourceTree = "<group>"; };
/* End PBXFileReference section */

/* Begin PBXFrameworksBuildPhase section */
		FAB6B7752B371B2E0012495B /* Frameworks */ = {
			isa = PBXFrameworksBuildPhase;
			buildActionMask = 2147483647;
			files = (
				FAB6B7932B3887A90012495B /* FirebaseAnalyticsSwift in Frameworks */,
				FAB6B79D2B388A840012495B /* FirebaseAuth in Frameworks */,
				FAB6B78F2B3887A90012495B /* FirebaseAnalytics in Frameworks */,
				FA4796672B432D6A00098B9F /* FirebaseStorage in Frameworks */,
				FAB6B7912B3887A90012495B /* FirebaseAnalyticsOnDeviceConversion in Frameworks */,
				FAB6B7972B3887A90012495B /* FirebaseAppCheck in Frameworks */,
				FAB6B7AA2B38A69E0012495B /* IQKeyboardManagerSwift in Frameworks */,
				FAB6B7952B3887A90012495B /* FirebaseAnalyticsWithoutAdIdSupport in Frameworks */,
				FABB49BF2B4B1E1100230FD6 /* SDWebImageSwiftUI in Frameworks */,
				FAB6B79F2B388A950012495B /* FirebaseFirestore in Frameworks */,
				FAB6B7A12B388A950012495B /* FirebaseFirestoreSwift in Frameworks */,
			);
			runOnlyForDeploymentPostprocessing = 0;
		};
/* End PBXFrameworksBuildPhase section */

/* Begin PBXGroup section */
		FA4796632B432CCF00098B9F /* Models */ = {
			isa = PBXGroup;
			children = (
				FA4796642B432CE200098B9F /* NewPropertyModel.swift */,
				FA3E98732B58769100BA8B02 /* UserProfileModel.swift */,
			);
			path = Models;
			sourceTree = "<group>";
		};
		FAB6B76F2B371B2E0012495B = {
			isa = PBXGroup;
			children = (
				FAB6B77A2B371B2E0012495B /* RealtyPro */,
				FAB6B7792B371B2E0012495B /* Products */,
				FAB6B79B2B388A840012495B /* Frameworks */,
			);
			sourceTree = "<group>";
		};
		FAB6B7792B371B2E0012495B /* Products */ = {
			isa = PBXGroup;
			children = (
				FAB6B7782B371B2E0012495B /* RealtyPro.app */,
			);
			name = Products;
			sourceTree = "<group>";
		};
		FAB6B77A2B371B2E0012495B /* RealtyPro */ = {
			isa = PBXGroup;
			children = (
				FAFFADA12B4C7000007ADBE9 /* LocationHelpers */,
				FAB6B7992B3887DE0012495B /* GoogleService-Info.plist */,
				FAB6B77B2B371B2E0012495B /* RealtyProApp.swift */,
				FABB49B72B4AF7E900230FD6 /* ViewModels */,
				FABB49B62B4AF7D300230FD6 /* Tabbar */,
				FABB49B52B4AF7C100230FD6 /* Extensions */,
				FABB49B82B4AF80A00230FD6 /* DataManagers */,
				FABB49B42B4AF79A00230FD6 /* Screens */,
				FA4796632B432CCF00098B9F /* Models */,
				FAB6B7812B371B2F0012495B /* Preview Content */,
				FAB6B77F2B371B2F0012495B /* Assets.xcassets */,
			);
			path = RealtyPro;
			sourceTree = "<group>";
		};
		FAB6B7812B371B2F0012495B /* Preview Content */ = {
			isa = PBXGroup;
			children = (
				FAB6B7822B371B2F0012495B /* Preview Assets.xcassets */,
			);
			path = "Preview Content";
			sourceTree = "<group>";
		};
		FAB6B79B2B388A840012495B /* Frameworks */ = {
			isa = PBXGroup;
			children = (
			);
			name = Frameworks;
			sourceTree = "<group>";
		};
		FABB49B42B4AF79A00230FD6 /* Screens */ = {
			isa = PBXGroup;
			children = (
				FAB6B7892B373DBB0012495B /* SplashScreen.swift */,
				FAB6B78B2B373DF80012495B /* LoginScreen.swift */,
				FAB6B7A62B38A13D0012495B /* SignupScreen.swift */,
				FA4796532B3CB92B00098B9F /* HomeScreen.swift */,
				FA4796572B409ED600098B9F /* AllPropertiesListScreen.swift */,
				FA4796592B40A0FE00098B9F /* AddNewPropertyScreen.swift */,
				FA47965D2B40B1E000098B9F /* ProfileScreen.swift */,
				FA47965F2B40B6F700098B9F /* PropertyDetailScreen.swift */,
				FABB49BB2B4B159A00230FD6 /* ProfileInformationScreen.swift */,
				FAFFADAC2B4C7FF6007ADBE9 /* SearchLocationsScreen.swift */,
				FAFFADAE2B4D205A007ADBE9 /* MyPropertiesScreen.swift */,
				FA8C29C02B4D63CE00428FEF /* LocationsOnMapScreen.swift */,
				FA8C29C22B4D722000428FEF /* CollectionsScreen.swift */,
				FA3E98752B58839200BA8B02 /* OfferScreen.swift */,
			);
			path = Screens;
			sourceTree = "<group>";
		};
		FABB49B52B4AF7C100230FD6 /* Extensions */ = {
			isa = PBXGroup;
			children = (
				FA47965B2B40B01D00098B9F /* ImagePicker.swift */,
				FA4796552B3CC03700098B9F /* AsyncImageView.swift */,
				FAB6B7AB2B38A8710012495B /* String+Extensions.swift */,
			);
			path = Extensions;
			sourceTree = "<group>";
		};
		FABB49B62B4AF7D300230FD6 /* Tabbar */ = {
			isa = PBXGroup;
			children = (
				FAB6B7AD2B38AF7A0012495B /* AppTabbar.swift */,
			);
			path = Tabbar;
			sourceTree = "<group>";
		};
		FABB49B72B4AF7E900230FD6 /* ViewModels */ = {
			isa = PBXGroup;
			children = (
				FAB6B7A42B3890410012495B /* AuthenticationViewModel.swift */,
			);
			path = ViewModels;
			sourceTree = "<group>";
		};
		FABB49B82B4AF80A00230FD6 /* DataManagers */ = {
			isa = PBXGroup;
			children = (
				FAB6B7A22B388D390012495B /* AuthenticationManager.swift */,
				FA4796612B432C3D00098B9F /* FirestoreManager.swift */,
				FABB49B92B4B143400230FD6 /* UserDefaults.swift */,
			);
			path = DataManagers;
			sourceTree = "<group>";
		};
		FAFFADA12B4C7000007ADBE9 /* LocationHelpers */ = {
			isa = PBXGroup;
			children = (
				FAFFADA62B4C7C52007ADBE9 /* LocalSearchService.swift */,
				FAFFADA82B4C7C96007ADBE9 /* ContentViewModel.swift */,
				FAFFADAA2B4C7CF3007ADBE9 /* LocalSearchViewData.swift */,
			);
			path = LocationHelpers;
			sourceTree = "<group>";
		};
/* End PBXGroup section */

/* Begin PBXNativeTarget section */
		FAB6B7772B371B2E0012495B /* RealtyPro */ = {
			isa = PBXNativeTarget;
			buildConfigurationList = FAB6B7862B371B2F0012495B /* Build configuration list for PBXNativeTarget "RealtyPro" */;
			buildPhases = (
				FAB6B7742B371B2E0012495B /* Sources */,
				FAB6B7752B371B2E0012495B /* Frameworks */,
				FAB6B7762B371B2E0012495B /* Resources */,
			);
			buildRules = (
			);
			dependencies = (
			);
			name = RealtyPro;
			packageProductDependencies = (
				FAB6B78E2B3887A90012495B /* FirebaseAnalytics */,
				FAB6B7902B3887A90012495B /* FirebaseAnalyticsOnDeviceConversion */,
				FAB6B7922B3887A90012495B /* FirebaseAnalyticsSwift */,
				FAB6B7942B3887A90012495B /* FirebaseAnalyticsWithoutAdIdSupport */,
				FAB6B7962B3887A90012495B /* FirebaseAppCheck */,
				FAB6B79C2B388A840012495B /* FirebaseAuth */,
				FAB6B79E2B388A950012495B /* FirebaseFirestore */,
				FAB6B7A02B388A950012495B /* FirebaseFirestoreSwift */,
				FAB6B7A92B38A69E0012495B /* IQKeyboardManagerSwift */,
				FA4796662B432D6A00098B9F /* FirebaseStorage */,
				FABB49BE2B4B1E1100230FD6 /* SDWebImageSwiftUI */,
			);
			productName = RealtyPro;
			productReference = FAB6B7782B371B2E0012495B /* RealtyPro.app */;
			productType = "com.apple.product-type.application";
		};
/* End PBXNativeTarget section */

/* Begin PBXProject section */
		FAB6B7702B371B2E0012495B /* Project object */ = {
			isa = PBXProject;
			attributes = {
				BuildIndependentTargetsInParallel = 1;
				LastSwiftUpdateCheck = 1510;
				LastUpgradeCheck = 1510;
				TargetAttributes = {
					FAB6B7772B371B2E0012495B = {
						CreatedOnToolsVersion = 15.1;
					};
				};
			};
			buildConfigurationList = FAB6B7732B371B2E0012495B /* Build configuration list for PBXProject "RealtyPro" */;
			compatibilityVersion = "Xcode 14.0";
			developmentRegion = en;
			hasScannedForEncodings = 0;
			knownRegions = (
				en,
				Base,
			);
			mainGroup = FAB6B76F2B371B2E0012495B;
			packageReferences = (
				FAB6B78D2B3887A90012495B /* XCRemoteSwiftPackageReference "firebase-ios-sdk" */,
				FAB6B7A82B38A69E0012495B /* XCRemoteSwiftPackageReference "IQKeyboardManager" */,
				FABB49BD2B4B1E1100230FD6 /* XCRemoteSwiftPackageReference "SDWebImageSwiftUI" */,
			);
			productRefGroup = FAB6B7792B371B2E0012495B /* Products */;
			projectDirPath = "";
			projectRoot = "";
			targets = (
				FAB6B7772B371B2E0012495B /* RealtyPro */,
			);
		};
/* End PBXProject section */

/* Begin PBXResourcesBuildPhase section */
		FAB6B7762B371B2E0012495B /* Resources */ = {
			isa = PBXResourcesBuildPhase;
			buildActionMask = 2147483647;
			files = (
				FAB6B7832B371B2F0012495B /* Preview Assets.xcassets in Resources */,
				FAB6B7802B371B2F0012495B /* Assets.xcassets in Resources */,
				FAB6B79A2B3887DE0012495B /* GoogleService-Info.plist in Resources */,
			);
			runOnlyForDeploymentPostprocessing = 0;
		};
/* End PBXResourcesBuildPhase section */

/* Begin PBXSourcesBuildPhase section */
		FAB6B7742B371B2E0012495B /* Sources */ = {
			isa = PBXSourcesBuildPhase;
			buildActionMask = 2147483647;
			files = (
				FA47965C2B40B01D00098B9F /* ImagePicker.swift in Sources */,
				FA8C29C32B4D722000428FEF /* CollectionsScreen.swift in Sources */,
				FA47965E2B40B1E000098B9F /* ProfileScreen.swift in Sources */,
				FA4796582B409ED600098B9F /* AllPropertiesListScreen.swift in Sources */,
				FA4796652B432CE200098B9F /* NewPropertyModel.swift in Sources */,
				FA47965A2B40A0FE00098B9F /* AddNewPropertyScreen.swift in Sources */,
				FAB6B78A2B373DBB0012495B /* SplashScreen.swift in Sources */,
				FAFFADAF2B4D205A007ADBE9 /* MyPropertiesScreen.swift in Sources */,
				FAB6B7AC2B38A8710012495B /* String+Extensions.swift in Sources */,
				FABB49BC2B4B159A00230FD6 /* ProfileInformationScreen.swift in Sources */,
				FA8C29C12B4D63CE00428FEF /* LocationsOnMapScreen.swift in Sources */,
				FAB6B7A72B38A13D0012495B /* SignupScreen.swift in Sources */,
				FA4796602B40B6F700098B9F /* PropertyDetailScreen.swift in Sources */,
				FA4796562B3CC03700098B9F /* AsyncImageView.swift in Sources */,
				FAB6B7A32B388D390012495B /* AuthenticationManager.swift in Sources */,
				FAB6B77C2B371B2E0012495B /* RealtyProApp.swift in Sources */,
				FA4796542B3CB92B00098B9F /* HomeScreen.swift in Sources */,
				FAB6B78C2B373DF80012495B /* LoginScreen.swift in Sources */,
				FABB49BA2B4B143400230FD6 /* UserDefaults.swift in Sources */,
				FA3E98742B58769100BA8B02 /* UserProfileModel.swift in Sources */,
				FAFFADAD2B4C7FF6007ADBE9 /* SearchLocationsScreen.swift in Sources */,
				FAFFADAB2B4C7CF3007ADBE9 /* LocalSearchViewData.swift in Sources */,
				FAB6B7A52B3890410012495B /* AuthenticationViewModel.swift in Sources */,
				FAFFADA92B4C7C96007ADBE9 /* ContentViewModel.swift in Sources */,
				FAFFADA72B4C7C52007ADBE9 /* LocalSearchService.swift in Sources */,
				FAB6B7AE2B38AF7A0012495B /* AppTabbar.swift in Sources */,
				FA3E98762B58839200BA8B02 /* OfferScreen.swift in Sources */,
				FA4796622B432C3D00098B9F /* FirestoreManager.swift in Sources */,
			);
			runOnlyForDeploymentPostprocessing = 0;
		};
/* End PBXSourcesBuildPhase section */

/* Begin XCBuildConfiguration section */
		FAB6B7842B371B2F0012495B /* Debug */ = {
			isa = XCBuildConfiguration;
			buildSettings = {
				ALWAYS_SEARCH_USER_PATHS = NO;
				ASSETCATALOG_COMPILER_GENERATE_SWIFT_ASSET_SYMBOL_EXTENSIONS = YES;
				CLANG_ANALYZER_NONNULL = YES;
				CLANG_ANALYZER_NUMBER_OBJECT_CONVERSION = YES_AGGRESSIVE;
				CLANG_CXX_LANGUAGE_STANDARD = "gnu++20";
				CLANG_ENABLE_MODULES = YES;
				CLANG_ENABLE_OBJC_ARC = YES;
				CLANG_ENABLE_OBJC_WEAK = YES;
				CLANG_WARN_BLOCK_CAPTURE_AUTORELEASING = YES;
				CLANG_WARN_BOOL_CONVERSION = YES;
				CLANG_WARN_COMMA = YES;
				CLANG_WARN_CONSTANT_CONVERSION = YES;
				CLANG_WARN_DEPRECATED_OBJC_IMPLEMENTATIONS = YES;
				CLANG_WARN_DIRECT_OBJC_ISA_USAGE = YES_ERROR;
				CLANG_WARN_DOCUMENTATION_COMMENTS = YES;
				CLANG_WARN_EMPTY_BODY = YES;
				CLANG_WARN_ENUM_CONVERSION = YES;
				CLANG_WARN_INFINITE_RECURSION = YES;
				CLANG_WARN_INT_CONVERSION = YES;
				CLANG_WARN_NON_LITERAL_NULL_CONVERSION = YES;
				CLANG_WARN_OBJC_IMPLICIT_RETAIN_SELF = YES;
				CLANG_WARN_OBJC_LITERAL_CONVERSION = YES;
				CLANG_WARN_OBJC_ROOT_CLASS = YES_ERROR;
				CLANG_WARN_QUOTED_INCLUDE_IN_FRAMEWORK_HEADER = YES;
				CLANG_WARN_RANGE_LOOP_ANALYSIS = YES;
				CLANG_WARN_STRICT_PROTOTYPES = YES;
				CLANG_WARN_SUSPICIOUS_MOVE = YES;
				CLANG_WARN_UNGUARDED_AVAILABILITY = YES_AGGRESSIVE;
				CLANG_WARN_UNREACHABLE_CODE = YES;
				CLANG_WARN__DUPLICATE_METHOD_MATCH = YES;
				COPY_PHASE_STRIP = NO;
				DEBUG_INFORMATION_FORMAT = dwarf;
				ENABLE_STRICT_OBJC_MSGSEND = YES;
				ENABLE_TESTABILITY = YES;
				ENABLE_USER_SCRIPT_SANDBOXING = YES;
				GCC_C_LANGUAGE_STANDARD = gnu17;
				GCC_DYNAMIC_NO_PIC = NO;
				GCC_NO_COMMON_BLOCKS = YES;
				GCC_OPTIMIZATION_LEVEL = 0;
				GCC_PREPROCESSOR_DEFINITIONS = (
					"DEBUG=1",
					"$(inherited)",
				);
				GCC_WARN_64_TO_32_BIT_CONVERSION = YES;
				GCC_WARN_ABOUT_RETURN_TYPE = YES_ERROR;
				GCC_WARN_UNDECLARED_SELECTOR = YES;
				GCC_WARN_UNINITIALIZED_AUTOS = YES_AGGRESSIVE;
				GCC_WARN_UNUSED_FUNCTION = YES;
				GCC_WARN_UNUSED_VARIABLE = YES;
				IPHONEOS_DEPLOYMENT_TARGET = 17.0;
				LOCALIZATION_PREFERS_STRING_CATALOGS = YES;
				MTL_ENABLE_DEBUG_INFO = INCLUDE_SOURCE;
				MTL_FAST_MATH = YES;
				ONLY_ACTIVE_ARCH = YES;
				SDKROOT = iphoneos;
				SWIFT_ACTIVE_COMPILATION_CONDITIONS = "DEBUG $(inherited)";
				SWIFT_OPTIMIZATION_LEVEL = "-Onone";
			};
			name = Debug;
		};
		FAB6B7852B371B2F0012495B /* Release */ = {
			isa = XCBuildConfiguration;
			buildSettings = {
				ALWAYS_SEARCH_USER_PATHS = NO;
				ASSETCATALOG_COMPILER_GENERATE_SWIFT_ASSET_SYMBOL_EXTENSIONS = YES;
				CLANG_ANALYZER_NONNULL = YES;
				CLANG_ANALYZER_NUMBER_OBJECT_CONVERSION = YES_AGGRESSIVE;
				CLANG_CXX_LANGUAGE_STANDARD = "gnu++20";
				CLANG_ENABLE_MODULES = YES;
				CLANG_ENABLE_OBJC_ARC = YES;
				CLANG_ENABLE_OBJC_WEAK = YES;
				CLANG_WARN_BLOCK_CAPTURE_AUTORELEASING = YES;
				CLANG_WARN_BOOL_CONVERSION = YES;
				CLANG_WARN_COMMA = YES;
				CLANG_WARN_CONSTANT_CONVERSION = YES;
				CLANG_WARN_DEPRECATED_OBJC_IMPLEMENTATIONS = YES;
				CLANG_WARN_DIRECT_OBJC_ISA_USAGE = YES_ERROR;
				CLANG_WARN_DOCUMENTATION_COMMENTS = YES;
				CLANG_WARN_EMPTY_BODY = YES;
				CLANG_WARN_ENUM_CONVERSION = YES;
				CLANG_WARN_INFINITE_RECURSION = YES;
				CLANG_WARN_INT_CONVERSION = YES;
				CLANG_WARN_NON_LITERAL_NULL_CONVERSION = YES;
				CLANG_WARN_OBJC_IMPLICIT_RETAIN_SELF = YES;
				CLANG_WARN_OBJC_LITERAL_CONVERSION = YES;
				CLANG_WARN_OBJC_ROOT_CLASS = YES_ERROR;
				CLANG_WARN_QUOTED_INCLUDE_IN_FRAMEWORK_HEADER = YES;
				CLANG_WARN_RANGE_LOOP_ANALYSIS = YES;
				CLANG_WARN_STRICT_PROTOTYPES = YES;
				CLANG_WARN_SUSPICIOUS_MOVE = YES;
				CLANG_WARN_UNGUARDED_AVAILABILITY = YES_AGGRESSIVE;
				CLANG_WARN_UNREACHABLE_CODE = YES;
				CLANG_WARN__DUPLICATE_METHOD_MATCH = YES;
				COPY_PHASE_STRIP = NO;
				DEBUG_INFORMATION_FORMAT = "dwarf-with-dsym";
				ENABLE_NS_ASSERTIONS = NO;
				ENABLE_STRICT_OBJC_MSGSEND = YES;
				ENABLE_USER_SCRIPT_SANDBOXING = YES;
				GCC_C_LANGUAGE_STANDARD = gnu17;
				GCC_NO_COMMON_BLOCKS = YES;
				GCC_WARN_64_TO_32_BIT_CONVERSION = YES;
				GCC_WARN_ABOUT_RETURN_TYPE = YES_ERROR;
				GCC_WARN_UNDECLARED_SELECTOR = YES;
				GCC_WARN_UNINITIALIZED_AUTOS = YES_AGGRESSIVE;
				GCC_WARN_UNUSED_FUNCTION = YES;
				GCC_WARN_UNUSED_VARIABLE = YES;
				IPHONEOS_DEPLOYMENT_TARGET = 17.0;
				LOCALIZATION_PREFERS_STRING_CATALOGS = YES;
				MTL_ENABLE_DEBUG_INFO = NO;
				MTL_FAST_MATH = YES;
				SDKROOT = iphoneos;
				SWIFT_COMPILATION_MODE = wholemodule;
				VALIDATE_PRODUCT = YES;
			};
			name = Release;
		};
		FAB6B7872B371B2F0012495B /* Debug */ = {
			isa = XCBuildConfiguration;
			buildSettings = {
				ASSETCATALOG_COMPILER_APPICON_NAME = AppIcon;
				ASSETCATALOG_COMPILER_GLOBAL_ACCENT_COLOR_NAME = AccentColor;
				CODE_SIGN_IDENTITY = "Apple Development";
				CODE_SIGN_STYLE = Automatic;
				CURRENT_PROJECT_VERSION = 1;
				DEVELOPMENT_ASSET_PATHS = "\"RealtyPro/Preview Content\"";
				DEVELOPMENT_TEAM = "";
				ENABLE_PREVIEWS = YES;
				GENERATE_INFOPLIST_FILE = YES;
				INFOPLIST_KEY_UIApplicationSceneManifest_Generation = YES;
				INFOPLIST_KEY_UIApplicationSupportsIndirectInputEvents = YES;
				INFOPLIST_KEY_UILaunchScreen_Generation = YES;
				INFOPLIST_KEY_UISupportedInterfaceOrientations_iPad = "UIInterfaceOrientationPortrait UIInterfaceOrientationPortraitUpsideDown UIInterfaceOrientationLandscapeLeft UIInterfaceOrientationLandscapeRight";
				INFOPLIST_KEY_UISupportedInterfaceOrientations_iPhone = "UIInterfaceOrientationPortrait UIInterfaceOrientationLandscapeLeft UIInterfaceOrientationLandscapeRight";
				IPHONEOS_DEPLOYMENT_TARGET = 16.1;
				LD_RUNPATH_SEARCH_PATHS = (
					"$(inherited)",
					"@executable_path/Frameworks",
				);
				MARKETING_VERSION = 1.0;
				PRODUCT_BUNDLE_IDENTIFIER = "com.Megh.Realty-Pro";
				PRODUCT_NAME = "$(TARGET_NAME)";
				PROVISIONING_PROFILE_SPECIFIER = "";
				SWIFT_EMIT_LOC_STRINGS = YES;
				SWIFT_VERSION = 5.0;
				TARGETED_DEVICE_FAMILY = "1,2";
			};
			name = Debug;
		};
		FAB6B7882B371B2F0012495B /* Release */ = {
			isa = XCBuildConfiguration;
			buildSettings = {
				ASSETCATALOG_COMPILER_APPICON_NAME = AppIcon;
				ASSETCATALOG_COMPILER_GLOBAL_ACCENT_COLOR_NAME = AccentColor;
				CODE_SIGN_IDENTITY = "Apple Development";
				CODE_SIGN_STYLE = Automatic;
				CURRENT_PROJECT_VERSION = 1;
				DEVELOPMENT_ASSET_PATHS = "\"RealtyPro/Preview Content\"";
				DEVELOPMENT_TEAM = "";
				ENABLE_PREVIEWS = YES;
				GENERATE_INFOPLIST_FILE = YES;
				INFOPLIST_KEY_UIApplicationSceneManifest_Generation = YES;
				INFOPLIST_KEY_UIApplicationSupportsIndirectInputEvents = YES;
				INFOPLIST_KEY_UILaunchScreen_Generation = YES;
				INFOPLIST_KEY_UISupportedInterfaceOrientations_iPad = "UIInterfaceOrientationPortrait UIInterfaceOrientationPortraitUpsideDown UIInterfaceOrientationLandscapeLeft UIInterfaceOrientationLandscapeRight";
				INFOPLIST_KEY_UISupportedInterfaceOrientations_iPhone = "UIInterfaceOrientationPortrait UIInterfaceOrientationLandscapeLeft UIInterfaceOrientationLandscapeRight";
				IPHONEOS_DEPLOYMENT_TARGET = 16.1;
				LD_RUNPATH_SEARCH_PATHS = (
					"$(inherited)",
					"@executable_path/Frameworks",
				);
				MARKETING_VERSION = 1.0;
				PRODUCT_BUNDLE_IDENTIFIER = "com.Megh.Realty-Pro";
				PRODUCT_NAME = "$(TARGET_NAME)";
				PROVISIONING_PROFILE_SPECIFIER = "";
				SWIFT_EMIT_LOC_STRINGS = YES;
				SWIFT_VERSION = 5.0;
				TARGETED_DEVICE_FAMILY = "1,2";
			};
			name = Release;
		};
/* End XCBuildConfiguration section */

/* Begin XCConfigurationList section */
		FAB6B7732B371B2E0012495B /* Build configuration list for PBXProject "RealtyPro" */ = {
			isa = XCConfigurationList;
			buildConfigurations = (
				FAB6B7842B371B2F0012495B /* Debug */,
				FAB6B7852B371B2F0012495B /* Release */,
			);
			defaultConfigurationIsVisible = 0;
			defaultConfigurationName = Release;
		};
		FAB6B7862B371B2F0012495B /* Build configuration list for PBXNativeTarget "RealtyPro" */ = {
			isa = XCConfigurationList;
			buildConfigurations = (
				FAB6B7872B371B2F0012495B /* Debug */,
				FAB6B7882B371B2F0012495B /* Release */,
			);
			defaultConfigurationIsVisible = 0;
			defaultConfigurationName = Release;
		};
/* End XCConfigurationList section */

/* Begin XCRemoteSwiftPackageReference section */
		FAB6B78D2B3887A90012495B /* XCRemoteSwiftPackageReference "firebase-ios-sdk" */ = {
			isa = XCRemoteSwiftPackageReference;
			repositoryURL = "https://github.com/firebase/firebase-ios-sdk.git";
			requirement = {
				kind = upToNextMajorVersion;
				minimumVersion = 10.19.1;
			};
		};
		FAB6B7A82B38A69E0012495B /* XCRemoteSwiftPackageReference "IQKeyboardManager" */ = {
			isa = XCRemoteSwiftPackageReference;
			repositoryURL = "https://github.com/hackiftekhar/IQKeyboardManager.git";
			requirement = {
				kind = upToNextMajorVersion;
				minimumVersion = 6.5.16;
			};
		};
		FABB49BD2B4B1E1100230FD6 /* XCRemoteSwiftPackageReference "SDWebImageSwiftUI" */ = {
			isa = XCRemoteSwiftPackageReference;
			repositoryURL = "https://github.com/SDWebImage/SDWebImageSwiftUI";
			requirement = {
				kind = upToNextMajorVersion;
				minimumVersion = 2.2.6;
			};
		};
/* End XCRemoteSwiftPackageReference section */

/* Begin XCSwiftPackageProductDependency section */
		FA4796662B432D6A00098B9F /* FirebaseStorage */ = {
			isa = XCSwiftPackageProductDependency;
			package = FAB6B78D2B3887A90012495B /* XCRemoteSwiftPackageReference "firebase-ios-sdk" */;
			productName = FirebaseStorage;
		};
		FAB6B78E2B3887A90012495B /* FirebaseAnalytics */ = {
			isa = XCSwiftPackageProductDependency;
			package = FAB6B78D2B3887A90012495B /* XCRemoteSwiftPackageReference "firebase-ios-sdk" */;
			productName = FirebaseAnalytics;
		};
		FAB6B7902B3887A90012495B /* FirebaseAnalyticsOnDeviceConversion */ = {
			isa = XCSwiftPackageProductDependency;
			package = FAB6B78D2B3887A90012495B /* XCRemoteSwiftPackageReference "firebase-ios-sdk" */;
			productName = FirebaseAnalyticsOnDeviceConversion;
		};
		FAB6B7922B3887A90012495B /* FirebaseAnalyticsSwift */ = {
			isa = XCSwiftPackageProductDependency;
			package = FAB6B78D2B3887A90012495B /* XCRemoteSwiftPackageReference "firebase-ios-sdk" */;
			productName = FirebaseAnalyticsSwift;
		};
		FAB6B7942B3887A90012495B /* FirebaseAnalyticsWithoutAdIdSupport */ = {
			isa = XCSwiftPackageProductDependency;
			package = FAB6B78D2B3887A90012495B /* XCRemoteSwiftPackageReference "firebase-ios-sdk" */;
			productName = FirebaseAnalyticsWithoutAdIdSupport;
		};
		FAB6B7962B3887A90012495B /* FirebaseAppCheck */ = {
			isa = XCSwiftPackageProductDependency;
			package = FAB6B78D2B3887A90012495B /* XCRemoteSwiftPackageReference "firebase-ios-sdk" */;
			productName = FirebaseAppCheck;
		};
		FAB6B79C2B388A840012495B /* FirebaseAuth */ = {
			isa = XCSwiftPackageProductDependency;
			package = FAB6B78D2B3887A90012495B /* XCRemoteSwiftPackageReference "firebase-ios-sdk" */;
			productName = FirebaseAuth;
		};
		FAB6B79E2B388A950012495B /* FirebaseFirestore */ = {
			isa = XCSwiftPackageProductDependency;
			package = FAB6B78D2B3887A90012495B /* XCRemoteSwiftPackageReference "firebase-ios-sdk" */;
			productName = FirebaseFirestore;
		};
		FAB6B7A02B388A950012495B /* FirebaseFirestoreSwift */ = {
			isa = XCSwiftPackageProductDependency;
			package = FAB6B78D2B3887A90012495B /* XCRemoteSwiftPackageReference "firebase-ios-sdk" */;
			productName = FirebaseFirestoreSwift;
		};
		FAB6B7A92B38A69E0012495B /* IQKeyboardManagerSwift */ = {
			isa = XCSwiftPackageProductDependency;
			package = FAB6B7A82B38A69E0012495B /* XCRemoteSwiftPackageReference "IQKeyboardManager" */;
			productName = IQKeyboardManagerSwift;
		};
		FABB49BE2B4B1E1100230FD6 /* SDWebImageSwiftUI */ = {
			isa = XCSwiftPackageProductDependency;
			package = FABB49BD2B4B1E1100230FD6 /* XCRemoteSwiftPackageReference "SDWebImageSwiftUI" */;
			productName = SDWebImageSwiftUI;
		};
/* End XCSwiftPackageProductDependency section */
	};
	rootObject = FAB6B7702B371B2E0012495B /* Project object */;
}
